PODS:
  - Bolts/Tasks (1.9.1)
  - BSImagePicker (3.3.1)
  - Macaw (0.9.7):
    - SWXMLHash
  - Parse (1.19.1):
    - Parse/Core (= 1.19.1)
  - Parse/Core (1.19.1):
    - Bolts/Tasks (= 1.9.1)
  - SWXMLHash (5.0.1)

DEPENDENCIES:
  - BSImagePicker (~> 3.1)
  - Macaw (= 0.9.7)
  - Parse

SPEC REPOS:
  trunk:
    - Bolts
    - BSImagePicker
    - Macaw
    - Parse
    - SWXMLHash

SPEC CHECKSUMS:
  Bolts: 8c1e8aab2f603387b8b9924f57d1d64f43d3ffdc
  BSImagePicker: 0fe04b574d4d6b81093785d2af6c26227efc8428
  Macaw: 4a931baf9a9826b06d0d8ecf300014c962ab9d50
  Parse: e40fdb9c7d665823b7fe9865949cac9a53eb2ce7
  SWXMLHash: 9cc0c2e4807926c74377724aa8722ee5707a0485

PODFILE CHECKSUM: 1644537d6befe3def5635d818a067d9482c6a06b

COCOAPODS: 1.10.0.rc.1
